
Microsoft Visual Studio Solution File, Format Version 12.00
# Visual Studio Version 16
VisualStudioVersion = 16.0.30114.105
MinimumVisualStudioVersion = 10.0.40219.1
Project("{00D1A9C2-B5F0-4AF3-8072-F6C62B433612}") = "Athletes", "Athletes\Athletes.sqlproj", "{F9EB1794-1A17-4DFB-9711-E83A318B7CE7}"
EndProject
Global
	GlobalSection(SolutionConfigurationPlatforms) = preSolution
		Debug|Any CPU = Debug|Any CPU
		Debug|x64 = Debug|x64
		Debug|x86 = Debug|x86
		Release|Any CPU = Release|Any CPU
		Release|x64 = Release|x64
		Release|x86 = Release|x86
	EndGlobalSection
	GlobalSection(ProjectConfigurationPlatforms) = postSolution
		{F9EB1794-1A17-4DFB-9711-E83A318B7CE7}.Debug|Any CPU.ActiveCfg = Debug|Any CPU
		{F9EB1794-1A17-4DFB-9711-E83A318B7CE7}.Debug|Any CPU.Build.0 = Debug|Any CPU
		{F9EB1794-1A17-4DFB-9711-E83A318B7CE7}.Debug|Any CPU.Deploy.0 = Debug|Any CPU
		{F9EB1794-1A17-4DFB-9711-E83A318B7CE7}.Debug|x64.ActiveCfg = Debug|Any CPU
		{F9EB1794-1A17-4DFB-9711-E83A318B7CE7}.Debug|x64.Build.0 = Debug|Any CPU
		{F9EB1794-1A17-4DFB-9711-E83A318B7CE7}.Debug|x64.Deploy.0 = Debug|Any CPU
		{F9EB1794-1A17-4DFB-9711-E83A318B7CE7}.Debug|x86.ActiveCfg = Debug|Any CPU
		{F9EB1794-1A17-4DFB-9711-E83A318B7CE7}.Debug|x86.Build.0 = Debug|Any CPU
		{F9EB1794-1A17-4DFB-9711-E83A318B7CE7}.Debug|x86.Deploy.0 = Debug|Any CPU
		{F9EB1794-1A17-4DFB-9711-E83A318B7CE7}.Release|Any CPU.ActiveCfg = Release|Any CPU
		{F9EB1794-1A17-4DFB-9711-E83A318B7CE7}.Release|Any CPU.Build.0 = Release|Any CPU
		{F9EB1794-1A17-4DFB-9711-E83A318B7CE7}.Release|Any CPU.Deploy.0 = Release|Any CPU
		{F9EB1794-1A17-4DFB-9711-E83A318B7CE7}.Release|x64.ActiveCfg = Release|Any CPU
		{F9EB1794-1A17-4DFB-9711-E83A318B7CE7}.Release|x64.Build.0 = Release|Any CPU
		{F9EB1794-1A17-4DFB-9711-E83A318B7CE7}.Release|x64.Deploy.0 = Release|Any CPU
		{F9EB1794-1A17-4DFB-9711-E83A318B7CE7}.Release|x86.ActiveCfg = Release|Any CPU
		{F9EB1794-1A17-4DFB-9711-E83A318B7CE7}.Release|x86.Build.0 = Release|Any CPU
		{F9EB1794-1A17-4DFB-9711-E83A318B7CE7}.Release|x86.Deploy.0 = Release|Any CPU
	EndGlobalSection
	GlobalSection(SolutionProperties) = preSolution
		HideSolutionNode = FALSE
	EndGlobalSection
	GlobalSection(ExtensibilityGlobals) = postSolution
		SolutionGuid = {24EBF855-71FC-4C87-87D0-919EA3860193}
	EndGlobalSection
EndGlobal
